// !$*UTF8*$!
{
	archiveVersion = 1;
	classes = {
	};
	objectVersion = 50;
	objects = {

/* Begin PBXBuildFile section */
		89BDDB0A2228D031004E2F4D /* AppDelegate.swift in Sources */ = {isa = PBXBuildFile; fileRef = 89BDDB092228D031004E2F4D /* AppDelegate.swift */; };
		89BDDB0C2228D031004E2F4D /* GameScene.sks in Resources */ = {isa = PBXBuildFile; fileRef = 89BDDB0B2228D031004E2F4D /* GameScene.sks */; };
		89BDDB0E2228D031004E2F4D /* Actions.sks in Resources */ = {isa = PBXBuildFile; fileRef = 89BDDB0D2228D031004E2F4D /* Actions.sks */; };
		89BDDB102228D031004E2F4D /* GameScene.swift in Sources */ = {isa = PBXBuildFile; fileRef = 89BDDB0F2228D031004E2F4D /* GameScene.swift */; };
		89BDDB122228D031004E2F4D /* GameViewController.swift in Sources */ = {isa = PBXBuildFile; fileRef = 89BDDB112228D031004E2F4D /* GameViewController.swift */; };
		89BDDB152228D031004E2F4D /* Main.storyboard in Resources */ = {isa = PBXBuildFile; fileRef = 89BDDB132228D031004E2F4D /* Main.storyboard */; };
		89BDDB172228D031004E2F4D /* Assets.xcassets in Resources */ = {isa = PBXBuildFile; fileRef = 89BDDB162228D031004E2F4D /* Assets.xcassets */; };
		89BDDB1A2228D031004E2F4D /* LaunchScreen.storyboard in Resources */ = {isa = PBXBuildFile; fileRef = 89BDDB182228D031004E2F4D /* LaunchScreen.storyboard */; };
		89BDDB252228D031004E2F4D /* Memory_GameTests.swift in Sources */ = {isa = PBXBuildFile; fileRef = 89BDDB242228D031004E2F4D /* Memory_GameTests.swift */; };
/* End PBXBuildFile section */

/* Begin PBXContainerItemProxy section */
		89BDDB212228D031004E2F4D /* PBXContainerItemProxy */ = {
			isa = PBXContainerItemProxy;
			containerPortal = 89BDDAFE2228D031004E2F4D /* Project object */;
			proxyType = 1;
			remoteGlobalIDString = 89BDDB052228D031004E2F4D;
			remoteInfo = "Memory Game";
		};
/* End PBXContainerItemProxy section */

/* Begin PBXFileReference section */
		89BDDB062228D031004E2F4D /* Memory Game.app */ = {isa = PBXFileReference; explicitFileType = wrapper.application; includeInIndex = 0; path = "Memory Game.app"; sourceTree = BUILT_PRODUCTS_DIR; };
		89BDDB092228D031004E2F4D /* AppDelegate.swift */ = {isa = PBXFileReference; lastKnownFileType = sourcecode.swift; path = AppDelegate.swift; sourceTree = "<group>"; };
		89BDDB0B2228D031004E2F4D /* GameScene.sks */ = {isa = PBXFileReference; lastKnownFileType = file.sks; path = GameScene.sks; sourceTree = "<group>"; };
		89BDDB0D2228D031004E2F4D /* Actions.sks */ = {isa = PBXFileReference; lastKnownFileType = file.sks; path = Actions.sks; sourceTree = "<group>"; };
		89BDDB0F2228D031004E2F4D /* GameScene.swift */ = {isa = PBXFileReference; lastKnownFileType = sourcecode.swift; path = GameScene.swift; sourceTree = "<group>"; };
		89BDDB112228D031004E2F4D /* GameViewController.swift */ = {isa = PBXFileReference; lastKnownFileType = sourcecode.swift; path = GameViewController.swift; sourceTree = "<group>"; };
		89BDDB142228D031004E2F4D /* Base */ = {isa = PBXFileReference; lastKnownFileType = file.storyboard; name = Base; path = Base.lproj/Main.storyboard; sourceTree = "<group>"; };
		89BDDB162228D031004E2F4D /* Assets.xcassets */ = {isa = PBXFileReference; lastKnownFileType = folder.assetcatalog; path = Assets.xcassets; sourceTree = "<group>"; };
		89BDDB192228D031004E2F4D /* Base */ = {isa = PBXFileReference; lastKnownFileType = file.storyboard; name = Base; path = Base.lproj/LaunchScreen.storyboard; sourceTree = "<group>"; };
		89BDDB1B2228D031004E2F4D /* Info.plist */ = {isa = PBXFileReference; lastKnownFileType = text.plist.xml; path = Info.plist; sourceTree = "<group>"; };
		89BDDB202228D031004E2F4D /* Memory GameTests.xctest */ = {isa = PBXFileReference; explicitFileType = wrapper.cfbundle; includeInIndex = 0; path = "Memory GameTests.xctest"; sourceTree = BUILT_PRODUCTS_DIR; };
		89BDDB242228D031004E2F4D /* Memory_GameTests.swift */ = {isa = PBXFileReference; lastKnownFileType = sourcecode.swift; path = Memory_GameTests.swift; sourceTree = "<group>"; };
		89BDDB262228D031004E2F4D /* Info.plist */ = {isa = PBXFileReference; lastKnownFileType = text.plist.xml; path = Info.plist; sourceTree = "<group>"; };
/* End PBXFileReference section */

/* Begin PBXFrameworksBuildPhase section */
		89BDDB032228D031004E2F4D /* Frameworks */ = {
			isa = PBXFrameworksBuildPhase;
			buildActionMask = 2147483647;
			files = (
			);
			runOnlyForDeploymentPostprocessing = 0;
		};
		89BDDB1D2228D031004E2F4D /* Frameworks */ = {
			isa = PBXFrameworksBuildPhase;
			buildActionMask = 2147483647;
			files = (
			);
			runOnlyForDeploymentPostprocessing = 0;
		};
/* End PBXFrameworksBuildPhase section */

/* Begin PBXGroup section */
		89BDDAFD2228D031004E2F4D = {
			isa = PBXGroup;
			children = (
				89BDDB082228D031004E2F4D /* Memory Game */,
				89BDDB232228D031004E2F4D /* Memory GameTests */,
				89BDDB072228D031004E2F4D /* Products */,
			);
			sourceTree = "<group>";
		};
		89BDDB072228D031004E2F4D /* Products */ = {
			isa = PBXGroup;
			children = (
				89BDDB062228D031004E2F4D /* Memory Game.app */,
				89BDDB202228D031004E2F4D /* Memory GameTests.xctest */,
			);
			name = Products;
			sourceTree = "<group>";
		};
		89BDDB082228D031004E2F4D /* Memory Game */ = {
			isa = PBXGroup;
			children = (
				89BDDB092228D031004E2F4D /* AppDelegate.swift */,
				89BDDB0B2228D031004E2F4D /* GameScene.sks */,
				89BDDB0D2228D031004E2F4D /* Actions.sks */,
				89BDDB0F2228D031004E2F4D /* GameScene.swift */,
				89BDDB112228D031004E2F4D /* GameViewController.swift */,
				89BDDB132228D031004E2F4D /* Main.storyboard */,
				89BDDB162228D031004E2F4D /* Assets.xcassets */,
				89BDDB182228D031004E2F4D /* LaunchScreen.storyboard */,
				89BDDB1B2228D031004E2F4D /* Info.plist */,
			);
			path = "Memory Game";
			sourceTree = "<group>";
		};
		89BDDB232228D031004E2F4D /* Memory GameTests */ = {
			isa = PBXGroup;
			children = (
				89BDDB242228D031004E2F4D /* Memory_GameTests.swift */,
				89BDDB262228D031004E2F4D /* Info.plist */,
			);
			path = "Memory GameTests";
			sourceTree = "<group>";
		};
/* End PBXGroup section */

/* Begin PBXNativeTarget section */
		89BDDB052228D031004E2F4D /* Memory Game */ = {
			isa = PBXNativeTarget;
			buildConfigurationList = 89BDDB292228D031004E2F4D /* Build configuration list for PBXNativeTarget "Memory Game" */;
			buildPhases = (
				89BDDB022228D031004E2F4D /* Sources */,
				89BDDB032228D031004E2F4D /* Frameworks */,
				89BDDB042228D031004E2F4D /* Resources */,
			);
			buildRules = (
			);
			dependencies = (
			);
			name = "Memory Game";
			productName = "Memory Game";
			productReference = 89BDDB062228D031004E2F4D /* Memory Game.app */;
			productType = "com.apple.product-type.application";
		};
		89BDDB1F2228D031004E2F4D /* Memory GameTests */ = {
			isa = PBXNativeTarget;
			buildConfigurationList = 89BDDB2C2228D031004E2F4D /* Build configuration list for PBXNativeTarget "Memory GameTests" */;
			buildPhases = (
				89BDDB1C2228D031004E2F4D /* Sources */,
				89BDDB1D2228D031004E2F4D /* Frameworks */,
				89BDDB1E2228D031004E2F4D /* Resources */,
			);
			buildRules = (
			);
			dependencies = (
				89BDDB222228D031004E2F4D /* PBXTargetDependency */,
			);
			name = "Memory GameTests";
			productName = "Memory GameTests";
			productReference = 89BDDB202228D031004E2F4D /* Memory GameTests.xctest */;
			productType = "com.apple.product-type.bundle.unit-test";
		};
/* End PBXNativeTarget section */

/* Begin PBXProject section */
		89BDDAFE2228D031004E2F4D /* Project object */ = {
			isa = PBXProject;
			attributes = {
				LastSwiftUpdateCheck = 1010;
				LastUpgradeCheck = 1010;
				ORGANIZATIONNAME = "Brandon Askea";
				TargetAttributes = {
					89BDDB052228D031004E2F4D = {
						CreatedOnToolsVersion = 10.1;
					};
					89BDDB1F2228D031004E2F4D = {
						CreatedOnToolsVersion = 10.1;
						TestTargetID = 89BDDB052228D031004E2F4D;
					};
				};
			};
			buildConfigurationList = 89BDDB012228D031004E2F4D /* Build configuration list for PBXProject "Memory Game" */;
			compatibilityVersion = "Xcode 9.3";
			developmentRegion = en;
			hasScannedForEncodings = 0;
			knownRegions = (
				en,
				Base,
			);
			mainGroup = 89BDDAFD2228D031004E2F4D;
			productRefGroup = 89BDDB072228D031004E2F4D /* Products */;
			projectDirPath = "";
			projectRoot = "";
			targets = (
				89BDDB052228D031004E2F4D /* Memory Game */,
				89BDDB1F2228D031004E2F4D /* Memory GameTests */,
			);
		};
/* End PBXProject section */

/* Begin PBXResourcesBuildPhase section */
		89BDDB042228D031004E2F4D /* Resources */ = {
			isa = PBXResourcesBuildPhase;
			buildActionMask = 2147483647;
			files = (
				89BDDB152228D031004E2F4D /* Main.storyboard in Resources */,
				89BDDB0C2228D031004E2F4D /* GameScene.sks in Resources */,
				89BDDB172228D031004E2F4D /* Assets.xcassets in Resources */,
				89BDDB1A2228D031004E2F4D /* LaunchScreen.storyboard in Resources */,
				89BDDB0E2228D031004E2F4D /* Actions.sks in Resources */,
			);
			runOnlyForDeploymentPostprocessing = 0;
		};
		89BDDB1E2228D031004E2F4D /* Resources */ = {
			isa = PBXResourcesBuildPhase;
			buildActionMask = 2147483647;
			files = (
			);
			runOnlyForDeploymentPostprocessing = 0;
		};
/* End PBXResourcesBuildPhase section */

/* Begin PBXSourcesBuildPhase section */
		89BDDB022228D031004E2F4D /* Sources */ = {
			isa = PBXSourcesBuildPhase;
			buildActionMask = 2147483647;
			files = (
				89BDDB102228D031004E2F4D /* GameScene.swift in Sources */,
				89BDDB122228D031004E2F4D /* GameViewController.swift in Sources */,
				89BDDB0A2228D031004E2F4D /* AppDelegate.swift in Sources */,
			);
			runOnlyForDeploymentPostprocessing = 0;
		};
		89BDDB1C2228D031004E2F4D /* Sources */ = {
			isa = PBXSourcesBuildPhase;
			buildActionMask = 2147483647;
			files = (
				89BDDB252228D031004E2F4D /* Memory_GameTests.swift in Sources */,
			);
			runOnlyForDeploymentPostprocessing = 0;
		};
/* End PBXSourcesBuildPhase section */

/* Begin PBXTargetDependency section */
		89BDDB222228D031004E2F4D /* PBXTargetDependency */ = {
			isa = PBXTargetDependency;
			target = 89BDDB052228D031004E2F4D /* Memory Game */;
			targetProxy = 89BDDB212228D031004E2F4D /* PBXContainerItemProxy */;
		};
/* End PBXTargetDependency section */

/* Begin PBXVariantGroup section */
		89BDDB132228D031004E2F4D /* Main.storyboard */ = {
			isa = PBXVariantGroup;
			children = (
				89BDDB142228D031004E2F4D /* Base */,
			);
			name = Main.storyboard;
			sourceTree = "<group>";
		};
		89BDDB182228D031004E2F4D /* LaunchScreen.storyboard */ = {
			isa = PBXVariantGroup;
			children = (
				89BDDB192228D031004E2F4D /* Base */,
			);
			name = LaunchScreen.storyboard;
			sourceTree = "<group>";
		};
/* End PBXVariantGroup section */

/* Begin XCBuildConfiguration section */
		89BDDB272228D031004E2F4D /* Debug */ = {
			isa = XCBuildConfiguration;
			buildSettings = {
				ALWAYS_SEARCH_USER_PATHS = NO;
				CLANG_ANALYZER_NONNULL = YES;
				CLANG_ANALYZER_NUMBER_OBJECT_CONVERSION = YES_AGGRESSIVE;
				CLANG_CXX_LANGUAGE_STANDARD = "gnu++14";
				CLANG_CXX_LIBRARY = "libc++";
				CLANG_ENABLE_MODULES = YES;
				CLANG_ENABLE_OBJC_ARC = YES;
				CLANG_ENABLE_OBJC_WEAK = YES;
				CLANG_WARN_BLOCK_CAPTURE_AUTORELEASING = YES;
				CLANG_WARN_BOOL_CONVERSION = YES;
				CLANG_WARN_COMMA = YES;
				CLANG_WARN_CONSTANT_CONVERSION = YES;
				CLANG_WARN_DEPRECATED_OBJC_IMPLEMENTATIONS = YES;
				CLANG_WARN_DIRECT_OBJC_ISA_USAGE = YES_ERROR;
				CLANG_WARN_DOCUMENTATION_COMMENTS = YES;
				CLANG_WARN_EMPTY_BODY = YES;
				CLANG_WARN_ENUM_CONVERSION = YES;
				CLANG_WARN_INFINITE_RECURSION = YES;
				CLANG_WARN_INT_CONVERSION = YES;
				CLANG_WARN_NON_LITERAL_NULL_CONVERSION = YES;
				CLANG_WARN_OBJC_IMPLICIT_RETAIN_SELF = YES;
				CLANG_WARN_OBJC_LITERAL_CONVERSION = YES;
				CLANG_WARN_OBJC_ROOT_CLASS = YES_ERROR;
				CLANG_WARN_RANGE_LOOP_ANALYSIS = YES;
				CLANG_WARN_STRICT_PROTOTYPES = YES;
				CLANG_WARN_SUSPICIOUS_MOVE = YES;
				CLANG_WARN_UNGUARDED_AVAILABILITY = YES_AGGRESSIVE;
				CLANG_WARN_UNREACHABLE_CODE = YES;
				CLANG_WARN__DUPLICATE_METHOD_MATCH = YES;
				CODE_SIGN_IDENTITY = "iPhone Developer";
				COPY_PHASE_STRIP = NO;
				DEBUG_INFORMATION_FORMAT = dwarf;
				ENABLE_STRICT_OBJC_MSGSEND = YES;
				ENABLE_TESTABILITY = YES;
				GCC_C_LANGUAGE_STANDARD = gnu11;
				GCC_DYNAMIC_NO_PIC = NO;
				GCC_NO_COMMON_BLOCKS = YES;
				GCC_OPTIMIZATION_LEVEL = 0;
				GCC_PREPROCESSOR_DEFINITIONS = (
					"DEBUG=1",
					"$(inherited)",
				);
				GCC_WARN_64_TO_32_BIT_CONVERSION = YES;
				GCC_WARN_ABOUT_RETURN_TYPE = YES_ERROR;
				GCC_WARN_UNDECLARED_SELECTOR = YES;
				GCC_WARN_UNINITIALIZED_AUTOS = YES_AGGRESSIVE;
				GCC_WARN_UNUSED_FUNCTION = YES;
				GCC_WARN_UNUSED_VARIABLE = YES;
				IPHONEOS_DEPLOYMENT_TARGET = 12.1;
				MTL_ENABLE_DEBUG_INFO = INCLUDE_SOURCE;
				MTL_FAST_MATH = YES;
				ONLY_ACTIVE_ARCH = YES;
				SDKROOT = iphoneos;
				SWIFT_ACTIVE_COMPILATION_CONDITIONS = DEBUG;
				SWIFT_OPTIMIZATION_LEVEL = "-Onone";
			};
			name = Debug;
		};
		89BDDB282228D031004E2F4D /* Release */ = {
			isa = XCBuildConfiguration;
			buildSettings = {
				ALWAYS_SEARCH_USER_PATHS = NO;
				CLANG_ANALYZER_NONNULL = YES;
				CLANG_ANALYZER_NUMBER_OBJECT_CONVERSION = YES_AGGRESSIVE;
				CLANG_CXX_LANGUAGE_STANDARD = "gnu++14";
				CLANG_CXX_LIBRARY = "libc++";
				CLANG_ENABLE_MODULES = YES;
				CLANG_ENABLE_OBJC_ARC = YES;
				CLANG_ENABLE_OBJC_WEAK = YES;
				CLANG_WARN_BLOCK_CAPTURE_AUTORELEASING = YES;
				CLANG_WARN_BOOL_CONVERSION = YES;
				CLANG_WARN_COMMA = YES;
				CLANG_WARN_CONSTANT_CONVERSION = YES;
				CLANG_WARN_DEPRECATED_OBJC_IMPLEMENTATIONS = YES;
				CLANG_WARN_DIRECT_OBJC_ISA_USAGE = YES_ERROR;
				CLANG_WARN_DOCUMENTATION_COMMENTS = YES;
				CLANG_WARN_EMPTY_BODY = YES;
				CLANG_WARN_ENUM_CONVERSION = YES;
				CLANG_WARN_INFINITE_RECURSION = YES;
				CLANG_WARN_INT_CONVERSION = YES;
				CLANG_WARN_NON_LITERAL_NULL_CONVERSION = YES;
				CLANG_WARN_OBJC_IMPLICIT_RETAIN_SELF = YES;
				CLANG_WARN_OBJC_LITERAL_CONVERSION = YES;
				CLANG_WARN_OBJC_ROOT_CLASS = YES_ERROR;
				CLANG_WARN_RANGE_LOOP_ANALYSIS = YES;
				CLANG_WARN_STRICT_PROTOTYPES = YES;
				CLANG_WARN_SUSPICIOUS_MOVE = YES;
				CLANG_WARN_UNGUARDED_AVAILABILITY = YES_AGGRESSIVE;
				CLANG_WARN_UNREACHABLE_CODE = YES;
				CLANG_WARN__DUPLICATE_METHOD_MATCH = YES;
				CODE_SIGN_IDENTITY = "iPhone Developer";
				COPY_PHASE_STRIP = NO;
				DEBUG_INFORMATION_FORMAT = "dwarf-with-dsym";
				ENABLE_NS_ASSERTIONS = NO;
				ENABLE_STRICT_OBJC_MSGSEND = YES;
				GCC_C_LANGUAGE_STANDARD = gnu11;
				GCC_NO_COMMON_BLOCKS = YES;
				GCC_WARN_64_TO_32_BIT_CONVERSION = YES;
				GCC_WARN_ABOUT_RETURN_TYPE = YES_ERROR;
				GCC_WARN_UNDECLARED_SELECTOR = YES;
				GCC_WARN_UNINITIALIZED_AUTOS = YES_AGGRESSIVE;
				GCC_WARN_UNUSED_FUNCTION = YES;
				GCC_WARN_UNUSED_VARIABLE = YES;
				IPHONEOS_DEPLOYMENT_TARGET = 12.1;
				MTL_ENABLE_DEBUG_INFO = NO;
				MTL_FAST_MATH = YES;
				SDKROOT = iphoneos;
				SWIFT_COMPILATION_MODE = wholemodule;
				SWIFT_OPTIMIZATION_LEVEL = "-O";
				VALIDATE_PRODUCT = YES;
			};
			name = Release;
		};
		89BDDB2A2228D031004E2F4D /* Debug */ = {
			isa = XCBuildConfiguration;
			buildSettings = {
				ASSETCATALOG_COMPILER_APPICON_NAME = AppIcon;
				CODE_SIGN_STYLE = Automatic;
				DEVELOPMENT_TEAM = A4LJ2YC4BS;
				INFOPLIST_FILE = "Memory Game/Info.plist";
				LD_RUNPATH_SEARCH_PATHS = (
					"$(inherited)",
					"@executable_path/Frameworks",
				);
				PRODUCT_BUNDLE_IDENTIFIER = "com.example.Memory-Game";
				PRODUCT_NAME = "$(TARGET_NAME)";
				SWIFT_VERSION = 4.2;
				TARGETED_DEVICE_FAMILY = "1,2";
			};
			name = Debug;
		};
		89BDDB2B2228D031004E2F4D /* Release */ = {
			isa = XCBuildConfiguration;
			buildSettings = {
				ASSETCATALOG_COMPILER_APPICON_NAME = AppIcon;
				CODE_SIGN_STYLE = Automatic;
				DEVELOPMENT_TEAM = A4LJ2YC4BS;
				INFOPLIST_FILE = "Memory Game/Info.plist";
				LD_RUNPATH_SEARCH_PATHS = (
					"$(inherited)",
					"@executable_path/Frameworks",
				);
				PRODUCT_BUNDLE_IDENTIFIER = "com.example.Memory-Game";
				PRODUCT_NAME = "$(TARGET_NAME)";
				SWIFT_VERSION = 4.2;
				TARGETED_DEVICE_FAMILY = "1,2";
			};
			name = Release;
		};
		89BDDB2D2228D031004E2F4D /* Debug */ = {
			isa = XCBuildConfiguration;
			buildSettings = {
				ALWAYS_EMBED_SWIFT_STANDARD_LIBRARIES = YES;
				BUNDLE_LOADER = "$(TEST_HOST)";
				CODE_SIGN_STYLE = Automatic;
				DEVELOPMENT_TEAM = A4LJ2YC4BS;
				INFOPLIST_FILE = "Memory GameTests/Info.plist";
				LD_RUNPATH_SEARCH_PATHS = (
					"$(inherited)",
					"@executable_path/Frameworks",
					"@loader_path/Frameworks",
				);
				PRODUCT_BUNDLE_IDENTIFIER = "com.example.Memory-GameTests";
				PRODUCT_NAME = "$(TARGET_NAME)";
				SWIFT_VERSION = 4.2;
				TARGETED_DEVICE_FAMILY = "1,2";
				TEST_HOST = "$(BUILT_PRODUCTS_DIR)/Memory Game.app/Memory Game";
			};
			name = Debug;
		};
		89BDDB2E2228D031004E2F4D /* Release */ = {
			isa = XCBuildConfiguration;
			buildSettings = {
				ALWAYS_EMBED_SWIFT_STANDARD_LIBRARIES = YES;
				BUNDLE_LOADER = "$(TEST_HOST)";
				CODE_SIGN_STYLE = Automatic;
				DEVELOPMENT_TEAM = A4LJ2YC4BS;
				INFOPLIST_FILE = "Memory GameTests/Info.plist";
				LD_RUNPATH_SEARCH_PATHS = (
					"$(inherited)",
					"@executable_path/Frameworks",
					"@loader_path/Frameworks",
				);
				PRODUCT_BUNDLE_IDENTIFIER = "com.example.Memory-GameTests";
				PRODUCT_NAME = "$(TARGET_NAME)";
				SWIFT_VERSION = 4.2;
				TARGETED_DEVICE_FAMILY = "1,2";
				TEST_HOST = "$(BUILT_PRODUCTS_DIR)/Memory Game.app/Memory Game";
			};
			name = Release;
		};
/* End XCBuildConfiguration section */

/* Begin XCConfigurationList section */
		89BDDB012228D031004E2F4D /* Build configuration list for PBXProject "Memory Game" */ = {
			isa = XCConfigurationList;
			buildConfigurations = (
				89BDDB272228D031004E2F4D /* Debug */,
				89BDDB282228D031004E2F4D /* Release */,
			);
			defaultConfigurationIsVisible = 0;
			defaultConfigurationName = Release;
		};
		89BDDB292228D031004E2F4D /* Build configuration list for PBXNativeTarget "Memory Game" */ = {
			isa = XCConfigurationList;
			buildConfigurations = (
				89BDDB2A2228D031004E2F4D /* Debug */,
				89BDDB2B2228D031004E2F4D /* Release */,
			);
			defaultConfigurationIsVisible = 0;
			defaultConfigurationName = Release;
		};
		89BDDB2C2228D031004E2F4D /* Build configuration list for PBXNativeTarget "Memory GameTests" */ = {
			isa = XCConfigurationList;
			buildConfigurations = (
				89BDDB2D2228D031004E2F4D /* Debug */,
				89BDDB2E2228D031004E2F4D /* Release */,
			);
			defaultConfigurationIsVisible = 0;
			defaultConfigurationName = Release;
		};
/* End XCConfigurationList section */
	};
	rootObject = 89BDDAFE2228D031004E2F4D /* Project object */;
}
